
Microsoft Visual Studio Solution File, Format Version 12.00
# Visual Studio 14
VisualStudioVersion = 14.0.23107.0
MinimumVisualStudioVersion = 10.0.40219.1
Project("{FAE04EC0-301F-11D3-BF4B-00C04F79EFBC}") = "SCRUMFuncPrime", "SCRUMFuncPrime\SCRUMFuncPrime.csproj", "{622017DC-C067-451F-8B7C-3B1B7E76B56F}"
EndProject
Project("{FAE04EC0-301F-11D3-BF4B-00C04F79EFBC}") = "SCRUMFuncPrimeTests", "SCRUMFuncPrimeTests\SCRUMFuncPrimeTests.csproj", "{3BACC968-18DF-4D0F-A01C-25B3CC521B4A}"
EndProject
Global
	GlobalSection(SolutionConfigurationPlatforms) = preSolution
		Debug|Any CPU = Debug|Any CPU
		Release|Any CPU = Release|Any CPU
	EndGlobalSection
	GlobalSection(ProjectConfigurationPlatforms) = postSolution
		{622017DC-C067-451F-8B7C-3B1B7E76B56F}.Debug|Any CPU.ActiveCfg = Debug|Any CPU
		{622017DC-C067-451F-8B7C-3B1B7E76B56F}.Debug|Any CPU.Build.0 = Debug|Any CPU
		{622017DC-C067-451F-8B7C-3B1B7E76B56F}.Release|Any CPU.ActiveCfg = Release|Any CPU
		{622017DC-C067-451F-8B7C-3B1B7E76B56F}.Release|Any CPU.Build.0 = Release|Any CPU
		{3BACC968-18DF-4D0F-A01C-25B3CC521B4A}.Debug|Any CPU.ActiveCfg = Debug|Any CPU
		{3BACC968-18DF-4D0F-A01C-25B3CC521B4A}.Debug|Any CPU.Build.0 = Debug|Any CPU
		{3BACC968-18DF-4D0F-A01C-25B3CC521B4A}.Release|Any CPU.ActiveCfg = Release|Any CPU
		{3BACC968-18DF-4D0F-A01C-25B3CC521B4A}.Release|Any CPU.Build.0 = Release|Any CPU
	EndGlobalSection
	GlobalSection(SolutionProperties) = preSolution
		HideSolutionNode = FALSE
	EndGlobalSection
EndGlobal
